[root]
name = "webkit2gtk-sys"
version = "0.3.1"
dependencies = [
 "atk-sys 0.3.4 (git+https://github.com/gtk-rs/sys)",
 "bitflags 0.9.1 (registry+https://github.com/rust-lang/crates.io-index)",
 "cairo-sys-rs 0.3.4 (git+https://github.com/gtk-rs/cairo)",
 "gdk-pixbuf-sys 0.3.4 (git+https://github.com/gtk-rs/sys)",
 "gdk-sys 0.3.4 (git+https://github.com/gtk-rs/sys)",
 "gio-sys 0.3.4 (git+https://github.com/gtk-rs/sys)",
 "glib-sys 0.3.4 (git+https://github.com/gtk-rs/sys)",
 "gobject-sys 0.3.4 (git+https://github.com/gtk-rs/sys)",
 "gtk-sys 0.3.4 (git+https://github.com/gtk-rs/sys)",
 "javascriptcore-sys 0.1.0 (git+https://github.com/antoyo/javascriptcore-sys-rs)",
 "libc 0.2.24 (registry+https://github.com/rust-lang/crates.io-index)",
 "pango-sys 0.3.4 (git+https://github.com/gtk-rs/sys)",
 "pkg-config 0.3.9 (registry+https://github.com/rust-lang/crates.io-index)",
 "soup-sys 0.3.1 (git+https://github.com/antoyo/soup-sys-rs)",
]

[[package]]
name = "atk-sys"
version = "0.3.4"
source = "git+https://github.com/gtk-rs/sys#af83826e0a31f68bcddee17d3791fb01453dc632"
dependencies = [
 "bitflags 0.9.1 (registry+https://github.com/rust-lang/crates.io-index)",
 "glib-sys 0.3.4 (git+https://github.com/gtk-rs/sys)",
 "gobject-sys 0.3.4 (git+https://github.com/gtk-rs/sys)",
 "libc 0.2.24 (registry+https://github.com/rust-lang/crates.io-index)",
 "pkg-config 0.3.9 (registry+https://github.com/rust-lang/crates.io-index)",
]

[[package]]
name = "bitflags"
version = "0.4.0"
source = "registry+https://github.com/rust-lang/crates.io-index"

[[package]]
name = "bitflags"
version = "0.9.1"
source = "registry+https://github.com/rust-lang/crates.io-index"

[[package]]
name = "cairo-sys-rs"
version = "0.3.4"
source = "git+https://github.com/gtk-rs/cairo#94c84e601857c1c1c39986c41907bf8f21a72a10"
dependencies = [
 "libc 0.2.24 (registry+https://github.com/rust-lang/crates.io-index)",
 "pkg-config 0.3.9 (registry+https://github.com/rust-lang/crates.io-index)",
 "winapi 0.2.8 (registry+https://github.com/rust-lang/crates.io-index)",
]

[[package]]
name = "gdk-pixbuf-sys"
version = "0.3.4"
source = "git+https://github.com/gtk-rs/sys#af83826e0a31f68bcddee17d3791fb01453dc632"
dependencies = [
 "bitflags 0.9.1 (registry+https://github.com/rust-lang/crates.io-index)",
 "gio-sys 0.3.4 (git+https://github.com/gtk-rs/sys)",
 "glib-sys 0.3.4 (git+https://github.com/gtk-rs/sys)",
 "gobject-sys 0.3.4 (git+https://github.com/gtk-rs/sys)",
 "libc 0.2.24 (registry+https://github.com/rust-lang/crates.io-index)",
 "pkg-config 0.3.9 (registry+https://github.com/rust-lang/crates.io-index)",
]

[[package]]
name = "gdk-sys"
version = "0.3.4"
source = "git+https://github.com/gtk-rs/sys#af83826e0a31f68bcddee17d3791fb01453dc632"
dependencies = [
 "bitflags 0.9.1 (registry+https://github.com/rust-lang/crates.io-index)",
 "cairo-sys-rs 0.3.4 (git+https://github.com/gtk-rs/cairo)",
 "gdk-pixbuf-sys 0.3.4 (git+https://github.com/gtk-rs/sys)",
 "gio-sys 0.3.4 (git+https://github.com/gtk-rs/sys)",
 "glib-sys 0.3.4 (git+https://github.com/gtk-rs/sys)",
 "gobject-sys 0.3.4 (git+https://github.com/gtk-rs/sys)",
 "libc 0.2.24 (registry+https://github.com/rust-lang/crates.io-index)",
 "pango-sys 0.3.4 (git+https://github.com/gtk-rs/sys)",
 "pkg-config 0.3.9 (registry+https://github.com/rust-lang/crates.io-index)",
]

[[package]]
name = "gio-sys"
version = "0.3.4"
source = "git+https://github.com/gtk-rs/sys#af83826e0a31f68bcddee17d3791fb01453dc632"
dependencies = [
 "bitflags 0.9.1 (registry+https://github.com/rust-lang/crates.io-index)",
 "glib-sys 0.3.4 (git+https://github.com/gtk-rs/sys)",
 "gobject-sys 0.3.4 (git+https://github.com/gtk-rs/sys)",
 "libc 0.2.24 (registry+https://github.com/rust-lang/crates.io-index)",
 "pkg-config 0.3.9 (registry+https://github.com/rust-lang/crates.io-index)",
]

[[package]]
name = "glib-sys"
version = "0.3.4"
source = "git+https://github.com/gtk-rs/sys#af83826e0a31f68bcddee17d3791fb01453dc632"
dependencies = [
 "bitflags 0.9.1 (registry+https://github.com/rust-lang/crates.io-index)",
 "libc 0.2.24 (registry+https://github.com/rust-lang/crates.io-index)",
 "pkg-config 0.3.9 (registry+https://github.com/rust-lang/crates.io-index)",
]

[[package]]
name = "gobject-sys"
version = "0.3.4"
source = "git+https://github.com/gtk-rs/sys#af83826e0a31f68bcddee17d3791fb01453dc632"
dependencies = [
 "bitflags 0.9.1 (registry+https://github.com/rust-lang/crates.io-index)",
 "glib-sys 0.3.4 (git+https://github.com/gtk-rs/sys)",
 "libc 0.2.24 (registry+https://github.com/rust-lang/crates.io-index)",
 "pkg-config 0.3.9 (registry+https://github.com/rust-lang/crates.io-index)",
]

[[package]]
name = "gtk-sys"
version = "0.3.4"
source = "git+https://github.com/gtk-rs/sys#af83826e0a31f68bcddee17d3791fb01453dc632"
dependencies = [
 "atk-sys 0.3.4 (git+https://github.com/gtk-rs/sys)",
 "bitflags 0.9.1 (registry+https://github.com/rust-lang/crates.io-index)",
 "cairo-sys-rs 0.3.4 (git+https://github.com/gtk-rs/cairo)",
 "gdk-pixbuf-sys 0.3.4 (git+https://github.com/gtk-rs/sys)",
 "gdk-sys 0.3.4 (git+https://github.com/gtk-rs/sys)",
 "gio-sys 0.3.4 (git+https://github.com/gtk-rs/sys)",
 "glib-sys 0.3.4 (git+https://github.com/gtk-rs/sys)",
 "gobject-sys 0.3.4 (git+https://github.com/gtk-rs/sys)",
 "libc 0.2.24 (registry+https://github.com/rust-lang/crates.io-index)",
 "pango-sys 0.3.4 (git+https://github.com/gtk-rs/sys)",
 "pkg-config 0.3.9 (registry+https://github.com/rust-lang/crates.io-index)",
]

[[package]]
name = "javascriptcore-sys"
version = "0.1.0"
source = "git+https://github.com/antoyo/javascriptcore-sys-rs#bdf78aa5c0baf6e85a71983b4fde7ce0b5de7904"
dependencies = [
 "libc 0.2.24 (registry+https://github.com/rust-lang/crates.io-index)",
]

[[package]]
name = "libc"
version = "0.2.24"
source = "registry+https://github.com/rust-lang/crates.io-index"

[[package]]
name = "pango-sys"
version = "0.3.4"
source = "git+https://github.com/gtk-rs/sys#af83826e0a31f68bcddee17d3791fb01453dc632"
dependencies = [
 "bitflags 0.9.1 (registry+https://github.com/rust-lang/crates.io-index)",
 "glib-sys 0.3.4 (git+https://github.com/gtk-rs/sys)",
 "gobject-sys 0.3.4 (git+https://github.com/gtk-rs/sys)",
 "libc 0.2.24 (registry+https://github.com/rust-lang/crates.io-index)",
 "pkg-config 0.3.9 (registry+https://github.com/rust-lang/crates.io-index)",
]

[[package]]
name = "pkg-config"
version = "0.3.9"
source = "registry+https://github.com/rust-lang/crates.io-index"

[[package]]
name = "soup-sys"
version = "0.3.1"
source = "git+https://github.com/antoyo/soup-sys-rs#29786bb30c09bcba8f12b5c35c8118da576932ca"
dependencies = [
 "bitflags 0.4.0 (registry+https://github.com/rust-lang/crates.io-index)",
 "gio-sys 0.3.4 (git+https://github.com/gtk-rs/sys)",
 "glib-sys 0.3.4 (git+https://github.com/gtk-rs/sys)",
 "gobject-sys 0.3.4 (git+https://github.com/gtk-rs/sys)",
 "libc 0.2.24 (registry+https://github.com/rust-lang/crates.io-index)",
 "pkg-config 0.3.9 (registry+https://github.com/rust-lang/crates.io-index)",
]

[[package]]
name = "winapi"
version = "0.2.8"
source = "registry+https://github.com/rust-lang/crates.io-index"

[metadata]
"checksum atk-sys 0.3.4 (git+https://github.com/gtk-rs/sys)" = "<none>"
"checksum bitflags 0.4.0 (registry+https://github.com/rust-lang/crates.io-index)" = "8dead7461c1127cf637931a1e50934eb6eee8bff2f74433ac7909e9afcee04a3"
"checksum bitflags 0.9.1 (registry+https://github.com/rust-lang/crates.io-index)" = "4efd02e230a02e18f92fc2735f44597385ed02ad8f831e7c1c1156ee5e1ab3a5"
"checksum cairo-sys-rs 0.3.4 (git+https://github.com/gtk-rs/cairo)" = "<none>"
"checksum gdk-pixbuf-sys 0.3.4 (git+https://github.com/gtk-rs/sys)" = "<none>"
"checksum gdk-sys 0.3.4 (git+https://github.com/gtk-rs/sys)" = "<none>"
"checksum gio-sys 0.3.4 (git+https://github.com/gtk-rs/sys)" = "<none>"
"checksum glib-sys 0.3.4 (git+https://github.com/gtk-rs/sys)" = "<none>"
"checksum gobject-sys 0.3.4 (git+https://github.com/gtk-rs/sys)" = "<none>"
"checksum gtk-sys 0.3.4 (git+https://github.com/gtk-rs/sys)" = "<none>"
"checksum javascriptcore-sys 0.1.0 (git+https://github.com/antoyo/javascriptcore-sys-rs)" = "<none>"
"checksum libc 0.2.24 (registry+https://github.com/rust-lang/crates.io-index)" = "38f5c2b18a287cf78b4097db62e20f43cace381dc76ae5c0a3073067f78b7ddc"
"checksum pango-sys 0.3.4 (git+https://github.com/gtk-rs/sys)" = "<none>"
"checksum pkg-config 0.3.9 (registry+https://github.com/rust-lang/crates.io-index)" = "3a8b4c6b8165cd1a1cd4b9b120978131389f64bdaf456435caa41e630edba903"
"checksum soup-sys 0.3.1 (git+https://github.com/antoyo/soup-sys-rs)" = "<none>"
"checksum winapi 0.2.8 (registry+https://github.com/rust-lang/crates.io-index)" = "167dc9d6949a9b857f3451275e911c3f44255842c1f7a76f33c55103a909087a"
